
Microsoft Visual Studio Solution File, Format Version 12.00
# Visual Studio Version 17
VisualStudioVersion = 17.13.35931.197 d17.13
MinimumVisualStudioVersion = 10.0.40219.1
Project("{FAE04EC0-301F-11D3-BF4B-00C04F79EFBC}") = "RainbowTrail", "RainbowTrail\RainbowTrail.csproj", "{6974C93B-9767-406F-8996-1173BB8BF508}"
EndProject
Global
	GlobalSection(SolutionConfigurationPlatforms) = preSolution
		Debug|Any CPU = Debug|Any CPU
		Release|Any CPU = Release|Any CPU
	EndGlobalSection
	GlobalSection(ProjectConfigurationPlatforms) = postSolution
		{6974C93B-9767-406F-8996-1173BB8BF508}.Debug|Any CPU.ActiveCfg = Debug|Any CPU
		{6974C93B-9767-406F-8996-1173BB8BF508}.Debug|Any CPU.Build.0 = Debug|Any CPU
		{6974C93B-9767-406F-8996-1173BB8BF508}.Release|Any CPU.ActiveCfg = Release|Any CPU
		{6974C93B-9767-406F-8996-1173BB8BF508}.Release|Any CPU.Build.0 = Release|Any CPU
	EndGlobalSection
	GlobalSection(SolutionProperties) = preSolution
		HideSolutionNode = FALSE
	EndGlobalSection
	GlobalSection(ExtensibilityGlobals) = postSolution
		SolutionGuid = {06C6555E-09B3-4066-92B6-AF355FC92960}
	EndGlobalSection
EndGlobal
